{
  "name": "jcti-demo",
  "version": "0.0.0",
  "lockfileVersion": 3,
  "requires": true,
  "packages": {
    "": {
      "name": "jcti-demo",
      "version": "0.0.0",
      "dependencies": {
        "react": "^19.2.6",
        "react-dom": "^19.2.6",
        "react-router-dom": "^7.17.0"
      },
      "devDependencies": {
        "@eslint/js": "^10.0.1",
        "@types/react": "^19.2.14",
        "@types/react-dom": "^19.2.3",
        "@vitejs/plugin-react": "^6.0.1",
        "eslint": "^10.3.0",
        "eslint-plugin-react-hooks": "^7.1.1",
        "eslint-plugin-react-refresh": "^0.5.2",
        "globals": "^17.6.0",
        "vite": "^8.0.12"
      }
    },
    "node_modules/react": {
      "version": "19.2.6",
      "resolved": "https://registry.npmjs.org/react/-/react-19.2.6.tgz",
      "integrity": "sha512-+lLJt+u6z3i2zc4sJ3LQ1lf4a7z35KJRV6bQRPfIaDa1dkz9sNOl96T7kMbW8V/yrXJb5vhJFgzO4H4nh7F+A=="
    },
    "node_modules/react-dom": {
      "version": "19.2.6",
      "resolved": "https://registry.npmjs.org/react-dom/-/react-dom-19.2.6.tgz",
      "integrity": "sha512-0N4ZXBiNQB0iXHmxfx+c5z1/WYv1QM+rIlTp8eFaJMvY9D66VcbYhqz5g3bxZxzc+L95qvwA9RfEKmRoNjMktg=="
    },
    "node_modules/react-router-dom": {
      "version": "7.17.0",
      "resolved": "https://registry.npmjs.org/react-router-dom/-/react-router-dom-7.17.0.tgz",
      "integrity": "sha512-1yf5XaRvwFJr5R9J6Z5X7aKiDxvAUm/0l4V3uVvKz6f2tXH1hvvXJvvfNJdZRh0p2TTmNPkXkOH8LltKBDv7Lw=="
    },
    "node_modules/@eslint/js": {
      "version": "10.0.1",
      "resolved": "https://registry.npmjs.org/@eslint/js/-/js-10.0.1.tgz",
      "integrity": "sha512-zeR9k5pd4gxjZ0abRoIaxdc7I3nDktoXZk2qOv9gCNWx3mVwEn32VRhyLaRsDiJjTs0xq/T8mfPtyuXu7GWBcA==",
      "dev": true,
      "license": "MIT",
      "engines": {
        "node": "^20.19.0 || ^22.13.0 || >=24"
      }
    },
    "node_modules/@types/react": {
      "version": "19.2.14",
      "resolved": "https://registry.npmjs.org/@types/react/-/react-19.2.14.tgz",
      "integrity": "sha512-ZRLr3E0AHWT8fL1IJPFZ0ej/e5GvVsYW3LQEUL6eYt9yiLdWJrMJn61cAyPwTXdKhEDw2GCn1f6sAh9PJMQQA==",
      "dev": true,
      "license": "MIT",
      "peer": true,
      "dependencies": {
        "csstype": "^3.2.2"
      }
    },
    "node_modules/@types/react-dom": {
      "version": "19.2.3",
      "resolved": "https://registry.npmjs.org/@types/react-dom/-/react-dom-19.2.3.tgz",
      "integrity": "sha512-jp2L/eY6fn+KgVVQAOqYItbF0VY/YApe5Mz2F0aykSO8gx31bYCZyvSeYxCHKvzHG5eZjc+zyaS5BrBWya2+kQ==",
      "dev": true,
      "license": "MIT",
      "peerDependencies": {
        "@types/react": "^19.2.0"
      }
    },
    "node_modules/@vitejs/plugin-react": {
      "version": "6.0.1",
      "resolved": "https://registry.npmjs.org/@vitejs/plugin-react/-/plugin-react-6.0.1.tgz",
      "integrity": "sha512-DlSMqo4WhThw4vB8Mpn0Woe9J+Jfq1geJ61AKW0QEgLzGMNwtIMdxbDUzLxcun8W7NbJO0e2Jg/Nxm3cCSVzzg==",
      "dev": true,
      "license": "MIT",
      "dependencies": {
        "@rolldown/pluginutils": "^1.0.0"
      },
      "engines": {
        "node": "^20.19.0 || >=22.12.0"
      },
      "peerDependencies": {
        "vite": "^8.0.0"
      }
    },
    "node_modules/@rolldown/pluginutils": {
      "version": "1.0.1",
      "resolved": "https://registry.npmjs.org/@rolldown/pluginutils/-/pluginutils-1.0.1.tgz",
      "integrity": "sha512-2j9bGt5Jh8hj+vPtgzPtl72j0yRxHAyumoo6TNfAjsLB04UtpSvPbPcDcBMxz7n+9CYB0c1GxQFxYRg2jimqGw==",
      "dev": true,
      "license": "MIT"
    },
    "node_modules/eslint": {
      "version": "10.3.0",
      "resolved": "https://registry.npmjs.org/eslint/-/eslint-10.3.0.tgz",
      "integrity": "sha512-abEfvUe4aW8NN8JGstCk9kFPpvZS0h5u5XswJKj6lIpWmW+6Aup6tLz9DXJY3qT5UfD+e7dXZ4qe/Wm4L+gd2g==",
      "dev": true,
      "license": "MIT",
      "engines": {
        "node": "^18.18.0 || ^20.9.0 || >=21.1.0"
      }
    },
    "node_modules/eslint-plugin-react-hooks": {
      "version": "7.1.1",
      "resolved": "https://registry.npmjs.org/eslint-plugin-react-hooks/-/eslint-plugin-react-hooks-7.1.1.tgz",
      "integrity": "sha512-RIEn7gsSC//dFC1vgCHNL51LJ5L9YY5bKkBRFZFT+Yqwv1h+xXrLmkTjzEhtPP39HhU9G8Gez1gDYfJzjNqPbg==",
      "dev": true,
      "license": "MIT",
      "peerDependencies": {
        "eslint": "^3.0.0 || ^4.0.0 || ^5.0.0 || ^6.0.0 || ^7.0.0 || ^8.0.0 || ^9.0.0 || ^10.0.0"
      }
    },
    "node_modules/eslint-plugin-react-refresh": {
      "version": "0.5.2",
      "resolved": "https://registry.npmjs.org/eslint-plugin-react-refresh/-/eslint-plugin-react-refresh-0.5.2.tgz",
      "integrity": "sha512-aLIJ7pxRYN8nF0QC4b5o8dJ0cFv5Y7JhC2BGPGmWrUUhF9hCeJ6sP8tJ0sCLQvVvUWXGsxVvh+YwKuI3pEHr6w==",
      "dev": true,
      "license": "MIT",
      "engines": {
        "node": ">=16.0.0"
      },
      "peerDependencies": {
        "eslint": ">=7"
      }
    },
    "node_modules/globals": {
      "version": "17.6.0",
      "resolved": "https://registry.npmjs.org/globals/-/globals-17.6.0.tgz",
      "integrity": "sha512-3cQ1mhN3pWQpN8h/RjbRlSaF2o7PnHKpRmxGNX7JvlNrKWLVJh3Nne3/h4UtDzNj1u4iWKyX6f5qGSbVILpwQ==",
      "dev": true,
      "license": "MIT",
      "engines": {
        "node": ">=18.4"
      }
    },
    "node_modules/vite": {
      "version": "8.0.12",
      "resolved": "https://registry.npmjs.org/vite/-/vite-8.0.12.tgz",
      "integrity": "sha512-0F5+X3XiG1TRlmr/ybh4N8CVN6LdnXO6hb7bvvTFLpT+ULN3kAEAFxONq7U9xaDjScN1g2rRRqb/uZNYbAJT7g==",
      "dev": true,
      "license": "MIT",
      "engines": {
        "node": "^14.18.0 || >=16.0.0"
      }
    },
    "node_modules/csstype": {
      "version": "3.2.2",
      "resolved": "https://registry.npmjs.org/csstype/-/csstype-3.2.2.tgz",
      "integrity": "sha512-SY/pPfYCJxZeB9PGPvTHCPQ8RwGGVlY4EqENVwZ/zVHYJFYZY8f7Tz/nYs/f5yPWxT9yzS0gSHPNrm4JYfNlDQ==",
      "dev": true,
      "license": "MIT"
    }
  }
}
